
Microsoft Visual Studio Solution File, Format Version 12.00
# Visual Studio Version 16
VisualStudioVersion = 16.0.30204.135
MinimumVisualStudioVersion = 10.0.40219.1
Project("{FAE04EC0-301F-11D3-BF4B-00C04F79EFBC}") = "ScrollViewIssue.UWP", "ScrollViewIssue\ScrollViewIssue.UWP\ScrollViewIssue.UWP.csproj", "{4D2936AD-048B-4586-8E15-67D765107CEA}"
EndProject
Project("{FAE04EC0-301F-11D3-BF4B-00C04F79EFBC}") = "ScrollViewIssue", "ScrollViewIssue\ScrollViewIssue\ScrollViewIssue.csproj", "{68B289F6-EC9D-4F86-91BC-5ED3A1028021}"
EndProject
Global
	GlobalSection(SolutionConfigurationPlatforms) = preSolution
		Debug|Any CPU = Debug|Any CPU
		Debug|ARM = Debug|ARM
		Debug|x64 = Debug|x64
		Debug|x86 = Debug|x86
		Release|Any CPU = Release|Any CPU
		Release|ARM = Release|ARM
		Release|x64 = Release|x64
		Release|x86 = Release|x86
	EndGlobalSection
	GlobalSection(ProjectConfigurationPlatforms) = postSolution
		{4D2936AD-048B-4586-8E15-67D765107CEA}.Debug|Any CPU.ActiveCfg = Debug|x86
		{4D2936AD-048B-4586-8E15-67D765107CEA}.Debug|Any CPU.Build.0 = Debug|x86
		{4D2936AD-048B-4586-8E15-67D765107CEA}.Debug|Any CPU.Deploy.0 = Debug|x86
		{4D2936AD-048B-4586-8E15-67D765107CEA}.Debug|ARM.ActiveCfg = Debug|ARM
		{4D2936AD-048B-4586-8E15-67D765107CEA}.Debug|ARM.Build.0 = Debug|ARM
		{4D2936AD-048B-4586-8E15-67D765107CEA}.Debug|ARM.Deploy.0 = Debug|ARM
		{4D2936AD-048B-4586-8E15-67D765107CEA}.Debug|x64.ActiveCfg = Debug|x64
		{4D2936AD-048B-4586-8E15-67D765107CEA}.Debug|x64.Build.0 = Debug|x64
		{4D2936AD-048B-4586-8E15-67D765107CEA}.Debug|x64.Deploy.0 = Debug|x64
		{4D2936AD-048B-4586-8E15-67D765107CEA}.Debug|x86.ActiveCfg = Debug|x86
		{4D2936AD-048B-4586-8E15-67D765107CEA}.Debug|x86.Build.0 = Debug|x86
		{4D2936AD-048B-4586-8E15-67D765107CEA}.Debug|x86.Deploy.0 = Debug|x86
		{4D2936AD-048B-4586-8E15-67D765107CEA}.Release|Any CPU.ActiveCfg = Release|x86
		{4D2936AD-048B-4586-8E15-67D765107CEA}.Release|Any CPU.Build.0 = Release|x86
		{4D2936AD-048B-4586-8E15-67D765107CEA}.Release|Any CPU.Deploy.0 = Release|x86
		{4D2936AD-048B-4586-8E15-67D765107CEA}.Release|ARM.ActiveCfg = Release|ARM
		{4D2936AD-048B-4586-8E15-67D765107CEA}.Release|ARM.Build.0 = Release|ARM
		{4D2936AD-048B-4586-8E15-67D765107CEA}.Release|ARM.Deploy.0 = Release|ARM
		{4D2936AD-048B-4586-8E15-67D765107CEA}.Release|x64.ActiveCfg = Release|x64
		{4D2936AD-048B-4586-8E15-67D765107CEA}.Release|x64.Build.0 = Release|x64
		{4D2936AD-048B-4586-8E15-67D765107CEA}.Release|x64.Deploy.0 = Release|x64
		{4D2936AD-048B-4586-8E15-67D765107CEA}.Release|x86.ActiveCfg = Release|x86
		{4D2936AD-048B-4586-8E15-67D765107CEA}.Release|x86.Build.0 = Release|x86
		{4D2936AD-048B-4586-8E15-67D765107CEA}.Release|x86.Deploy.0 = Release|x86
		{68B289F6-EC9D-4F86-91BC-5ED3A1028021}.Debug|Any CPU.ActiveCfg = Debug|Any CPU
		{68B289F6-EC9D-4F86-91BC-5ED3A1028021}.Debug|Any CPU.Build.0 = Debug|Any CPU
		{68B289F6-EC9D-4F86-91BC-5ED3A1028021}.Debug|Any CPU.Deploy.0 = Debug|Any CPU
		{68B289F6-EC9D-4F86-91BC-5ED3A1028021}.Debug|ARM.ActiveCfg = Debug|Any CPU
		{68B289F6-EC9D-4F86-91BC-5ED3A1028021}.Debug|ARM.Build.0 = Debug|Any CPU
		{68B289F6-EC9D-4F86-91BC-5ED3A1028021}.Debug|ARM.Deploy.0 = Debug|Any CPU
		{68B289F6-EC9D-4F86-91BC-5ED3A1028021}.Debug|x64.ActiveCfg = Debug|Any CPU
		{68B289F6-EC9D-4F86-91BC-5ED3A1028021}.Debug|x64.Build.0 = Debug|Any CPU
		{68B289F6-EC9D-4F86-91BC-5ED3A1028021}.Debug|x64.Deploy.0 = Debug|Any CPU
		{68B289F6-EC9D-4F86-91BC-5ED3A1028021}.Debug|x86.ActiveCfg = Debug|Any CPU
		{68B289F6-EC9D-4F86-91BC-5ED3A1028021}.Debug|x86.Build.0 = Debug|Any CPU
		{68B289F6-EC9D-4F86-91BC-5ED3A1028021}.Debug|x86.Deploy.0 = Debug|Any CPU
		{68B289F6-EC9D-4F86-91BC-5ED3A1028021}.Release|Any CPU.ActiveCfg = Release|Any CPU
		{68B289F6-EC9D-4F86-91BC-5ED3A1028021}.Release|Any CPU.Build.0 = Release|Any CPU
		{68B289F6-EC9D-4F86-91BC-5ED3A1028021}.Release|Any CPU.Deploy.0 = Release|Any CPU
		{68B289F6-EC9D-4F86-91BC-5ED3A1028021}.Release|ARM.ActiveCfg = Release|Any CPU
		{68B289F6-EC9D-4F86-91BC-5ED3A1028021}.Release|ARM.Build.0 = Release|Any CPU
		{68B289F6-EC9D-4F86-91BC-5ED3A1028021}.Release|ARM.Deploy.0 = Release|Any CPU
		{68B289F6-EC9D-4F86-91BC-5ED3A1028021}.Release|x64.ActiveCfg = Release|Any CPU
		{68B289F6-EC9D-4F86-91BC-5ED3A1028021}.Release|x64.Build.0 = Release|Any CPU
		{68B289F6-EC9D-4F86-91BC-5ED3A1028021}.Release|x64.Deploy.0 = Release|Any CPU
		{68B289F6-EC9D-4F86-91BC-5ED3A1028021}.Release|x86.ActiveCfg = Release|Any CPU
		{68B289F6-EC9D-4F86-91BC-5ED3A1028021}.Release|x86.Build.0 = Release|Any CPU
		{68B289F6-EC9D-4F86-91BC-5ED3A1028021}.Release|x86.Deploy.0 = Release|Any CPU
	EndGlobalSection
	GlobalSection(SolutionProperties) = preSolution
		HideSolutionNode = FALSE
	EndGlobalSection
	GlobalSection(ExtensibilityGlobals) = postSolution
		SolutionGuid = {9CD874BA-4265-4F47-91CA-D333850CB722}
	EndGlobalSection
EndGlobal
